
Microsoft Visual Studio Solution File, Format Version 12.00
# Visual Studio Version 17
VisualStudioVersion = 17.7.34024.191
MinimumVisualStudioVersion = 10.0.40219.1
Project("{9A19103F-16F7-4668-BE54-9A1E7A4F7556}") = "XamlSpinners", "XamlSpinners\XamlSpinners.csproj", "{8DF80B66-0902-471F-9456-886051F2649D}"
EndProject
Project("{9A19103F-16F7-4668-BE54-9A1E7A4F7556}") = "Animations", "Animations\Animations.csproj", "{6A9F9E3A-BDA4-42BA-A9FA-7881B0A96086}"
EndProject
Project("{9A19103F-16F7-4668-BE54-9A1E7A4F7556}") = "Animations.Tests", "Animations.Tests\Animations.Tests.csproj", "{9509AEEA-4C1A-4A05-AC1D-8F3E8E159315}"
EndProject
Project("{9A19103F-16F7-4668-BE54-9A1E7A4F7556}") = "Animations.Demo", "Animations.Demo\Animations.Demo.csproj", "{615D9882-15C4-4455-907E-98E3872D0A2F}"
EndProject
Project("{9A19103F-16F7-4668-BE54-9A1E7A4F7556}") = "Shapes", "Shapes\Shapes.csproj", "{1C9CDF91-A390-4DB5-82DF-778DFCBAC2AA}"
EndProject
Project("{9A19103F-16F7-4668-BE54-9A1E7A4F7556}") = "XamlSpinners.Tests", "XamlSpinners.Tests\XamlSpinners.Tests.csproj", "{5B2CCFFD-1964-4965-BA66-3BC0A3791362}"
EndProject
Project("{9A19103F-16F7-4668-BE54-9A1E7A4F7556}") = "XamlSpinners.Demo", "XamlSpinners.Demo\XamlSpinners.Demo.csproj", "{26E28C5E-9BBE-49FB-9A7E-304959D8A2DE}"
EndProject
Project("{9A19103F-16F7-4668-BE54-9A1E7A4F7556}") = "Shapes.Demo", "Shapes.Demo\Shapes.Demo.csproj", "{69D161C0-5CED-4FAD-9DAE-1505107C9CA0}"
EndProject
Project("{9A19103F-16F7-4668-BE54-9A1E7A4F7556}") = "ColorCraft", "ColorCraft\ColorCraft.csproj", "{E85663DD-0531-46C0-859F-1DE0C4B2B890}"
EndProject
Project("{9A19103F-16F7-4668-BE54-9A1E7A4F7556}") = "ColorCraft.Tests", "ColorCraft.Tests\ColorCraft.Tests.csproj", "{7358CD24-1E31-4071-8526-9AFA5B15C85A}"
EndProject
Project("{9A19103F-16F7-4668-BE54-9A1E7A4F7556}") = "ColorCraft.Demo", "ColorCraft.Demo\ColorCraft.Demo.csproj", "{382E6894-CC35-49BA-8261-D2DF7B49DA7E}"
EndProject
Project("{8BC9CEB8-8B4A-11D0-8D11-00A0C91BC942}") = "D2dGradients", "D2dGradients\D2dGradients.vcxproj", "{F8537206-2FAA-401D-8009-99D2119C8E4B}"
EndProject
Global
	GlobalSection(SolutionConfigurationPlatforms) = preSolution
		Debug|Any CPU = Debug|Any CPU
		Debug|x64 = Debug|x64
		Debug|x86 = Debug|x86
		Release|Any CPU = Release|Any CPU
		Release|x64 = Release|x64
		Release|x86 = Release|x86
	EndGlobalSection
	GlobalSection(ProjectConfigurationPlatforms) = postSolution
		{8DF80B66-0902-471F-9456-886051F2649D}.Debug|Any CPU.ActiveCfg = Debug|Any CPU
		{8DF80B66-0902-471F-9456-886051F2649D}.Debug|Any CPU.Build.0 = Debug|Any CPU
		{8DF80B66-0902-471F-9456-886051F2649D}.Debug|x64.ActiveCfg = Debug|Any CPU
		{8DF80B66-0902-471F-9456-886051F2649D}.Debug|x64.Build.0 = Debug|Any CPU
		{8DF80B66-0902-471F-9456-886051F2649D}.Debug|x86.ActiveCfg = Debug|Any CPU
		{8DF80B66-0902-471F-9456-886051F2649D}.Debug|x86.Build.0 = Debug|Any CPU
		{8DF80B66-0902-471F-9456-886051F2649D}.Release|Any CPU.ActiveCfg = Release|Any CPU
		{8DF80B66-0902-471F-9456-886051F2649D}.Release|Any CPU.Build.0 = Release|Any CPU
		{8DF80B66-0902-471F-9456-886051F2649D}.Release|x64.ActiveCfg = Release|Any CPU
		{8DF80B66-0902-471F-9456-886051F2649D}.Release|x64.Build.0 = Release|Any CPU
		{8DF80B66-0902-471F-9456-886051F2649D}.Release|x86.ActiveCfg = Release|Any CPU
		{8DF80B66-0902-471F-9456-886051F2649D}.Release|x86.Build.0 = Release|Any CPU
		{6A9F9E3A-BDA4-42BA-A9FA-7881B0A96086}.Debug|Any CPU.ActiveCfg = Debug|Any CPU
		{6A9F9E3A-BDA4-42BA-A9FA-7881B0A96086}.Debug|Any CPU.Build.0 = Debug|Any CPU
		{6A9F9E3A-BDA4-42BA-A9FA-7881B0A96086}.Debug|x64.ActiveCfg = Debug|Any CPU
		{6A9F9E3A-BDA4-42BA-A9FA-7881B0A96086}.Debug|x64.Build.0 = Debug|Any CPU
		{6A9F9E3A-BDA4-42BA-A9FA-7881B0A96086}.Debug|x86.ActiveCfg = Debug|Any CPU
		{6A9F9E3A-BDA4-42BA-A9FA-7881B0A96086}.Debug|x86.Build.0 = Debug|Any CPU
		{6A9F9E3A-BDA4-42BA-A9FA-7881B0A96086}.Release|Any CPU.ActiveCfg = Release|Any CPU
		{6A9F9E3A-BDA4-42BA-A9FA-7881B0A96086}.Release|Any CPU.Build.0 = Release|Any CPU
		{6A9F9E3A-BDA4-42BA-A9FA-7881B0A96086}.Release|x64.ActiveCfg = Release|Any CPU
		{6A9F9E3A-BDA4-42BA-A9FA-7881B0A96086}.Release|x64.Build.0 = Release|Any CPU
		{6A9F9E3A-BDA4-42BA-A9FA-7881B0A96086}.Release|x86.ActiveCfg = Release|Any CPU
		{6A9F9E3A-BDA4-42BA-A9FA-7881B0A96086}.Release|x86.Build.0 = Release|Any CPU
		{9509AEEA-4C1A-4A05-AC1D-8F3E8E159315}.Debug|Any CPU.ActiveCfg = Debug|Any CPU
		{9509AEEA-4C1A-4A05-AC1D-8F3E8E159315}.Debug|Any CPU.Build.0 = Debug|Any CPU
		{9509AEEA-4C1A-4A05-AC1D-8F3E8E159315}.Debug|x64.ActiveCfg = Debug|Any CPU
		{9509AEEA-4C1A-4A05-AC1D-8F3E8E159315}.Debug|x64.Build.0 = Debug|Any CPU
		{9509AEEA-4C1A-4A05-AC1D-8F3E8E159315}.Debug|x86.ActiveCfg = Debug|Any CPU
		{9509AEEA-4C1A-4A05-AC1D-8F3E8E159315}.Debug|x86.Build.0 = Debug|Any CPU
		{9509AEEA-4C1A-4A05-AC1D-8F3E8E159315}.Release|Any CPU.ActiveCfg = Release|Any CPU
		{9509AEEA-4C1A-4A05-AC1D-8F3E8E159315}.Release|Any CPU.Build.0 = Release|Any CPU
		{9509AEEA-4C1A-4A05-AC1D-8F3E8E159315}.Release|x64.ActiveCfg = Release|Any CPU
		{9509AEEA-4C1A-4A05-AC1D-8F3E8E159315}.Release|x64.Build.0 = Release|Any CPU
		{9509AEEA-4C1A-4A05-AC1D-8F3E8E159315}.Release|x86.ActiveCfg = Release|Any CPU
		{9509AEEA-4C1A-4A05-AC1D-8F3E8E159315}.Release|x86.Build.0 = Release|Any CPU
		{615D9882-15C4-4455-907E-98E3872D0A2F}.Debug|Any CPU.ActiveCfg = Debug|Any CPU
		{615D9882-15C4-4455-907E-98E3872D0A2F}.Debug|Any CPU.Build.0 = Debug|Any CPU
		{615D9882-15C4-4455-907E-98E3872D0A2F}.Debug|x64.ActiveCfg = Debug|Any CPU
		{615D9882-15C4-4455-907E-98E3872D0A2F}.Debug|x64.Build.0 = Debug|Any CPU
		{615D9882-15C4-4455-907E-98E3872D0A2F}.Debug|x86.ActiveCfg = Debug|Any CPU
		{615D9882-15C4-4455-907E-98E3872D0A2F}.Debug|x86.Build.0 = Debug|Any CPU
		{615D9882-15C4-4455-907E-98E3872D0A2F}.Release|Any CPU.ActiveCfg = Release|Any CPU
		{615D9882-15C4-4455-907E-98E3872D0A2F}.Release|Any CPU.Build.0 = Release|Any CPU
		{615D9882-15C4-4455-907E-98E3872D0A2F}.Release|x64.ActiveCfg = Release|Any CPU
		{615D9882-15C4-4455-907E-98E3872D0A2F}.Release|x64.Build.0 = Release|Any CPU
		{615D9882-15C4-4455-907E-98E3872D0A2F}.Release|x86.ActiveCfg = Release|Any CPU
		{615D9882-15C4-4455-907E-98E3872D0A2F}.Release|x86.Build.0 = Release|Any CPU
		{1C9CDF91-A390-4DB5-82DF-778DFCBAC2AA}.Debug|Any CPU.ActiveCfg = Debug|Any CPU
		{1C9CDF91-A390-4DB5-82DF-778DFCBAC2AA}.Debug|Any CPU.Build.0 = Debug|Any CPU
		{1C9CDF91-A390-4DB5-82DF-778DFCBAC2AA}.Debug|x64.ActiveCfg = Debug|Any CPU
		{1C9CDF91-A390-4DB5-82DF-778DFCBAC2AA}.Debug|x64.Build.0 = Debug|Any CPU
		{1C9CDF91-A390-4DB5-82DF-778DFCBAC2AA}.Debug|x86.ActiveCfg = Debug|Any CPU
		{1C9CDF91-A390-4DB5-82DF-778DFCBAC2AA}.Debug|x86.Build.0 = Debug|Any CPU
		{1C9CDF91-A390-4DB5-82DF-778DFCBAC2AA}.Release|Any CPU.ActiveCfg = Release|Any CPU
		{1C9CDF91-A390-4DB5-82DF-778DFCBAC2AA}.Release|Any CPU.Build.0 = Release|Any CPU
		{1C9CDF91-A390-4DB5-82DF-778DFCBAC2AA}.Release|x64.ActiveCfg = Release|Any CPU
		{1C9CDF91-A390-4DB5-82DF-778DFCBAC2AA}.Release|x64.Build.0 = Release|Any CPU
		{1C9CDF91-A390-4DB5-82DF-778DFCBAC2AA}.Release|x86.ActiveCfg = Release|Any CPU
		{1C9CDF91-A390-4DB5-82DF-778DFCBAC2AA}.Release|x86.Build.0 = Release|Any CPU
		{5B2CCFFD-1964-4965-BA66-3BC0A3791362}.Debug|Any CPU.ActiveCfg = Debug|Any CPU
		{5B2CCFFD-1964-4965-BA66-3BC0A3791362}.Debug|Any CPU.Build.0 = Debug|Any CPU
		{5B2CCFFD-1964-4965-BA66-3BC0A3791362}.Debug|x64.ActiveCfg = Debug|Any CPU
		{5B2CCFFD-1964-4965-BA66-3BC0A3791362}.Debug|x64.Build.0 = Debug|Any CPU
		{5B2CCFFD-1964-4965-BA66-3BC0A3791362}.Debug|x86.ActiveCfg = Debug|Any CPU
		{5B2CCFFD-1964-4965-BA66-3BC0A3791362}.Debug|x86.Build.0 = Debug|Any CPU
		{5B2CCFFD-1964-4965-BA66-3BC0A3791362}.Release|Any CPU.ActiveCfg = Release|Any CPU
		{5B2CCFFD-1964-4965-BA66-3BC0A3791362}.Release|Any CPU.Build.0 = Release|Any CPU
		{5B2CCFFD-1964-4965-BA66-3BC0A3791362}.Release|x64.ActiveCfg = Release|Any CPU
		{5B2CCFFD-1964-4965-BA66-3BC0A3791362}.Release|x64.Build.0 = Release|Any CPU
		{5B2CCFFD-1964-4965-BA66-3BC0A3791362}.Release|x86.ActiveCfg = Release|Any CPU
		{5B2CCFFD-1964-4965-BA66-3BC0A3791362}.Release|x86.Build.0 = Release|Any CPU
		{26E28C5E-9BBE-49FB-9A7E-304959D8A2DE}.Debug|Any CPU.ActiveCfg = Debug|Any CPU
		{26E28C5E-9BBE-49FB-9A7E-304959D8A2DE}.Debug|Any CPU.Build.0 = Debug|Any CPU
		{26E28C5E-9BBE-49FB-9A7E-304959D8A2DE}.Debug|x64.ActiveCfg = Debug|Any CPU
		{26E28C5E-9BBE-49FB-9A7E-304959D8A2DE}.Debug|x64.Build.0 = Debug|Any CPU
		{26E28C5E-9BBE-49FB-9A7E-304959D8A2DE}.Debug|x86.ActiveCfg = Debug|Any CPU
		{26E28C5E-9BBE-49FB-9A7E-304959D8A2DE}.Debug|x86.Build.0 = Debug|Any CPU
		{26E28C5E-9BBE-49FB-9A7E-304959D8A2DE}.Release|Any CPU.ActiveCfg = Release|Any CPU
		{26E28C5E-9BBE-49FB-9A7E-304959D8A2DE}.Release|Any CPU.Build.0 = Release|Any CPU
		{26E28C5E-9BBE-49FB-9A7E-304959D8A2DE}.Release|x64.ActiveCfg = Release|Any CPU
		{26E28C5E-9BBE-49FB-9A7E-304959D8A2DE}.Release|x64.Build.0 = Release|Any CPU
		{26E28C5E-9BBE-49FB-9A7E-304959D8A2DE}.Release|x86.ActiveCfg = Release|Any CPU
		{26E28C5E-9BBE-49FB-9A7E-304959D8A2DE}.Release|x86.Build.0 = Release|Any CPU
		{69D161C0-5CED-4FAD-9DAE-1505107C9CA0}.Debug|Any CPU.ActiveCfg = Debug|Any CPU
		{69D161C0-5CED-4FAD-9DAE-1505107C9CA0}.Debug|Any CPU.Build.0 = Debug|Any CPU
		{69D161C0-5CED-4FAD-9DAE-1505107C9CA0}.Debug|x64.ActiveCfg = Debug|Any CPU
		{69D161C0-5CED-4FAD-9DAE-1505107C9CA0}.Debug|x64.Build.0 = Debug|Any CPU
		{69D161C0-5CED-4FAD-9DAE-1505107C9CA0}.Debug|x86.ActiveCfg = Debug|Any CPU
		{69D161C0-5CED-4FAD-9DAE-1505107C9CA0}.Debug|x86.Build.0 = Debug|Any CPU
		{69D161C0-5CED-4FAD-9DAE-1505107C9CA0}.Release|Any CPU.ActiveCfg = Release|Any CPU
		{69D161C0-5CED-4FAD-9DAE-1505107C9CA0}.Release|Any CPU.Build.0 = Release|Any CPU
		{69D161C0-5CED-4FAD-9DAE-1505107C9CA0}.Release|x64.ActiveCfg = Release|Any CPU
		{69D161C0-5CED-4FAD-9DAE-1505107C9CA0}.Release|x64.Build.0 = Release|Any CPU
		{69D161C0-5CED-4FAD-9DAE-1505107C9CA0}.Release|x86.ActiveCfg = Release|Any CPU
		{69D161C0-5CED-4FAD-9DAE-1505107C9CA0}.Release|x86.Build.0 = Release|Any CPU
		{E85663DD-0531-46C0-859F-1DE0C4B2B890}.Debug|Any CPU.ActiveCfg = Debug|Any CPU
		{E85663DD-0531-46C0-859F-1DE0C4B2B890}.Debug|Any CPU.Build.0 = Debug|Any CPU
		{E85663DD-0531-46C0-859F-1DE0C4B2B890}.Debug|x64.ActiveCfg = Debug|Any CPU
		{E85663DD-0531-46C0-859F-1DE0C4B2B890}.Debug|x64.Build.0 = Debug|Any CPU
		{E85663DD-0531-46C0-859F-1DE0C4B2B890}.Debug|x86.ActiveCfg = Debug|Any CPU
		{E85663DD-0531-46C0-859F-1DE0C4B2B890}.Debug|x86.Build.0 = Debug|Any CPU
		{E85663DD-0531-46C0-859F-1DE0C4B2B890}.Release|Any CPU.ActiveCfg = Release|Any CPU
		{E85663DD-0531-46C0-859F-1DE0C4B2B890}.Release|Any CPU.Build.0 = Release|Any CPU
		{E85663DD-0531-46C0-859F-1DE0C4B2B890}.Release|x64.ActiveCfg = Release|Any CPU
		{E85663DD-0531-46C0-859F-1DE0C4B2B890}.Release|x64.Build.0 = Release|Any CPU
		{E85663DD-0531-46C0-859F-1DE0C4B2B890}.Release|x86.ActiveCfg = Release|Any CPU
		{E85663DD-0531-46C0-859F-1DE0C4B2B890}.Release|x86.Build.0 = Release|Any CPU
		{7358CD24-1E31-4071-8526-9AFA5B15C85A}.Debug|Any CPU.ActiveCfg = Debug|Any CPU
		{7358CD24-1E31-4071-8526-9AFA5B15C85A}.Debug|Any CPU.Build.0 = Debug|Any CPU
		{7358CD24-1E31-4071-8526-9AFA5B15C85A}.Debug|x64.ActiveCfg = Debug|Any CPU
		{7358CD24-1E31-4071-8526-9AFA5B15C85A}.Debug|x64.Build.0 = Debug|Any CPU
		{7358CD24-1E31-4071-8526-9AFA5B15C85A}.Debug|x86.ActiveCfg = Debug|Any CPU
		{7358CD24-1E31-4071-8526-9AFA5B15C85A}.Debug|x86.Build.0 = Debug|Any CPU
		{7358CD24-1E31-4071-8526-9AFA5B15C85A}.Release|Any CPU.ActiveCfg = Release|Any CPU
		{7358CD24-1E31-4071-8526-9AFA5B15C85A}.Release|Any CPU.Build.0 = Release|Any CPU
		{7358CD24-1E31-4071-8526-9AFA5B15C85A}.Release|x64.ActiveCfg = Release|Any CPU
		{7358CD24-1E31-4071-8526-9AFA5B15C85A}.Release|x64.Build.0 = Release|Any CPU
		{7358CD24-1E31-4071-8526-9AFA5B15C85A}.Release|x86.ActiveCfg = Release|Any CPU
		{7358CD24-1E31-4071-8526-9AFA5B15C85A}.Release|x86.Build.0 = Release|Any CPU
		{382E6894-CC35-49BA-8261-D2DF7B49DA7E}.Debug|Any CPU.ActiveCfg = Debug|Any CPU
		{382E6894-CC35-49BA-8261-D2DF7B49DA7E}.Debug|Any CPU.Build.0 = Debug|Any CPU
		{382E6894-CC35-49BA-8261-D2DF7B49DA7E}.Debug|x64.ActiveCfg = Debug|Any CPU
		{382E6894-CC35-49BA-8261-D2DF7B49DA7E}.Debug|x64.Build.0 = Debug|Any CPU
		{382E6894-CC35-49BA-8261-D2DF7B49DA7E}.Debug|x86.ActiveCfg = Debug|Any CPU
		{382E6894-CC35-49BA-8261-D2DF7B49DA7E}.Debug|x86.Build.0 = Debug|Any CPU
		{382E6894-CC35-49BA-8261-D2DF7B49DA7E}.Release|Any CPU.ActiveCfg = Release|Any CPU
		{382E6894-CC35-49BA-8261-D2DF7B49DA7E}.Release|Any CPU.Build.0 = Release|Any CPU
		{382E6894-CC35-49BA-8261-D2DF7B49DA7E}.Release|x64.ActiveCfg = Release|Any CPU
		{382E6894-CC35-49BA-8261-D2DF7B49DA7E}.Release|x64.Build.0 = Release|Any CPU
		{382E6894-CC35-49BA-8261-D2DF7B49DA7E}.Release|x86.ActiveCfg = Release|Any CPU
		{382E6894-CC35-49BA-8261-D2DF7B49DA7E}.Release|x86.Build.0 = Release|Any CPU
		{F8537206-2FAA-401D-8009-99D2119C8E4B}.Debug|Any CPU.ActiveCfg = Debug|x64
		{F8537206-2FAA-401D-8009-99D2119C8E4B}.Debug|Any CPU.Build.0 = Debug|x64
		{F8537206-2FAA-401D-8009-99D2119C8E4B}.Debug|x64.ActiveCfg = Debug|x64
		{F8537206-2FAA-401D-8009-99D2119C8E4B}.Debug|x64.Build.0 = Debug|x64
		{F8537206-2FAA-401D-8009-99D2119C8E4B}.Debug|x86.ActiveCfg = Debug|Win32
		{F8537206-2FAA-401D-8009-99D2119C8E4B}.Debug|x86.Build.0 = Debug|Win32
		{F8537206-2FAA-401D-8009-99D2119C8E4B}.Release|Any CPU.ActiveCfg = Release|x64
		{F8537206-2FAA-401D-8009-99D2119C8E4B}.Release|Any CPU.Build.0 = Release|x64
		{F8537206-2FAA-401D-8009-99D2119C8E4B}.Release|x64.ActiveCfg = Release|x64
		{F8537206-2FAA-401D-8009-99D2119C8E4B}.Release|x64.Build.0 = Release|x64
		{F8537206-2FAA-401D-8009-99D2119C8E4B}.Release|x86.ActiveCfg = Release|Win32
		{F8537206-2FAA-401D-8009-99D2119C8E4B}.Release|x86.Build.0 = Release|Win32
	EndGlobalSection
	GlobalSection(SolutionProperties) = preSolution
		HideSolutionNode = FALSE
	EndGlobalSection
	GlobalSection(ExtensibilityGlobals) = postSolution
		SolutionGuid = {92236ECA-70C7-49B3-ACA5-D34FC39C0761}
	EndGlobalSection
EndGlobal
